
Microsoft Visual Studio Solution File, Format Version 12.00
# Visual Studio Version 17
VisualStudioVersion = 17.2.32519.379
MinimumVisualStudioVersion = 10.0.40219.1
Project("{FAE04EC0-301F-11D3-BF4B-00C04F79EFBC}") = "IsimSehirHayvanOyunu", "IsimSehirHayvanOyunu\IsimSehirHayvanOyunu.csproj", "{E275689B-D35C-4816-ACFC-65A731DEB9EA}"
EndProject
Global
	GlobalSection(SolutionConfigurationPlatforms) = preSolution
		Debug|Any CPU = Debug|Any CPU
		Release|Any CPU = Release|Any CPU
	EndGlobalSection
	GlobalSection(ProjectConfigurationPlatforms) = postSolution
		{E275689B-D35C-4816-ACFC-65A731DEB9EA}.Debug|Any CPU.ActiveCfg = Debug|Any CPU
		{E275689B-D35C-4816-ACFC-65A731DEB9EA}.Debug|Any CPU.Build.0 = Debug|Any CPU
		{E275689B-D35C-4816-ACFC-65A731DEB9EA}.Release|Any CPU.ActiveCfg = Release|Any CPU
		{E275689B-D35C-4816-ACFC-65A731DEB9EA}.Release|Any CPU.Build.0 = Release|Any CPU
	EndGlobalSection
	GlobalSection(SolutionProperties) = preSolution
		HideSolutionNode = FALSE
	EndGlobalSection
	GlobalSection(ExtensibilityGlobals) = postSolution
		SolutionGuid = {C7634DD1-865B-43E1-B496-CD08F81335FB}
	EndGlobalSection
EndGlobal
